
Microsoft Visual Studio Solution File, Format Version 12.00
# Visual Studio Version 17
VisualStudioVersion = 17.6.33801.468
MinimumVisualStudioVersion = 10.0.40219.1
Project("{FAE04EC0-301F-11D3-BF4B-00C04F79EFBC}") = "Se130WPF", "Se130WPF\Se130WPF.csproj", "{4BDF157A-BFA7-4621-9951-CB1D88847164}"
EndProject
Project("{FAE04EC0-301F-11D3-BF4B-00C04F79EFBC}") = "checkBoxes", "checkBoxes\checkBoxes.csproj", "{D1F986A3-465B-405E-AA4A-CE31F8989C5F}"
EndProject
Project("{FAE04EC0-301F-11D3-BF4B-00C04F79EFBC}") = "PasswordBox", "PasswordBox\PasswordBox.csproj", "{BA2EF844-BCB0-46ED-BEBF-BF3225BDDB82}"
EndProject
Project("{FAE04EC0-301F-11D3-BF4B-00C04F79EFBC}") = "ImageControl", "ImageControl\ImageControl.csproj", "{EBE7474C-924B-47DA-A1B6-839249F58FE9}"
EndProject
Project("{FAE04EC0-301F-11D3-BF4B-00C04F79EFBC}") = "Slider", "Slider\Slider.csproj", "{150A39A0-104D-4B1F-9052-9328676375BD}"
EndProject
Project("{FAE04EC0-301F-11D3-BF4B-00C04F79EFBC}") = "Calendar", "Calendar\Calendar.csproj", "{FAB4651B-8027-4B3E-80C0-AB7DF0625AC8}"
EndProject
Project("{FAE04EC0-301F-11D3-BF4B-00C04F79EFBC}") = "DatePickerApp", "DatePicker\DatePickerApp.csproj", "{F13609AF-551C-4DF8-A808-EB6BFCD46B36}"
EndProject
Project("{FAE04EC0-301F-11D3-BF4B-00C04F79EFBC}") = "ExpanderApp", "ExpanderApp\ExpanderApp.csproj", "{88926528-5E72-4275-AA78-8BC951EF563F}"
EndProject
Project("{FAE04EC0-301F-11D3-BF4B-00C04F79EFBC}") = "GridWPF", "GridWPF\GridWPF.csproj", "{24B737C5-0D9B-4BB4-88B8-A8EF60D3196B}"
EndProject
Project("{FAE04EC0-301F-11D3-BF4B-00C04F79EFBC}") = "StackPanel", "StackPanel\StackPanel.csproj", "{1BF36D42-11B8-436A-88B7-87FB60BB67DF}"
EndProject
Project("{FAE04EC0-301F-11D3-BF4B-00C04F79EFBC}") = "WrapPanel", "WrapPanel\WrapPanel.csproj", "{E3AA932D-2E10-486B-AB89-B1D50C0E664D}"
EndProject
Project("{FAE04EC0-301F-11D3-BF4B-00C04F79EFBC}") = "DockPanelApp", "DockPanelApp\DockPanelApp.csproj", "{4480B034-F833-4400-B026-0D39FB41D4DA}"
EndProject
Project("{FAE04EC0-301F-11D3-BF4B-00C04F79EFBC}") = "CanvasWpf", "CanvasWpf\CanvasWpf.csproj", "{95C24BA4-EE5A-4D29-A7BF-5E041BE92AC0}"
EndProject
Project("{2150E333-8FDC-42A3-9474-1A3956D46DE8}") = "Solution Items", "Solution Items", "{26DCE571-0506-45FB-A38E-0B20682D514D}"
	ProjectSection(SolutionItems) = preProject
		Dagvrcha asaxsneli.txt = Dagvrcha asaxsneli.txt
	EndProjectSection
EndProject
Project("{9A19103F-16F7-4668-BE54-9A1E7A4F7556}") = "Review", "Review\Review.csproj", "{6657D370-4C7D-421B-BDA8-BD6779234356}"
EndProject
Project("{2150E333-8FDC-42A3-9474-1A3956D46DE8}") = "NonWpf", "NonWpf", "{DE4E415E-239B-47CB-AD02-41A8C68607B0}"
EndProject
Project("{9A19103F-16F7-4668-BE54-9A1E7A4F7556}") = "EventExampleCloseToReality", "EventExampleCloseToReality\EventExampleCloseToReality.csproj", "{7CD3E591-0EB0-447A-B0F1-067044C1DBAC}"
EndProject
Project("{FAE04EC0-301F-11D3-BF4B-00C04F79EFBC}") = "MenuControl", "MenuControl\MenuControl.csproj", "{84720FC7-7479-45FB-9563-790B6F6973FD}"
EndProject
Project("{FAE04EC0-301F-11D3-BF4B-00C04F79EFBC}") = "ToolBar", "ToolBar\ToolBar.csproj", "{2D9EEB78-1F13-406E-B22E-9A2196EBA9D7}"
EndProject
Project("{FAE04EC0-301F-11D3-BF4B-00C04F79EFBC}") = "ContextMenu", "ContextMenu\ContextMenu.csproj", "{F70288AE-33A3-4B41-8F85-AA5A7051E8A8}"
EndProject
Project("{FAE04EC0-301F-11D3-BF4B-00C04F79EFBC}") = "ProgressBar", "ProgressBar\ProgressBar.csproj", "{A003CDF4-906A-47A9-B1F7-7C825D3206A2}"
EndProject
Global
	GlobalSection(SolutionConfigurationPlatforms) = preSolution
		Debug|Any CPU = Debug|Any CPU
		Release|Any CPU = Release|Any CPU
	EndGlobalSection
	GlobalSection(ProjectConfigurationPlatforms) = postSolution
		{4BDF157A-BFA7-4621-9951-CB1D88847164}.Debug|Any CPU.ActiveCfg = Debug|Any CPU
		{4BDF157A-BFA7-4621-9951-CB1D88847164}.Debug|Any CPU.Build.0 = Debug|Any CPU
		{4BDF157A-BFA7-4621-9951-CB1D88847164}.Release|Any CPU.ActiveCfg = Release|Any CPU
		{4BDF157A-BFA7-4621-9951-CB1D88847164}.Release|Any CPU.Build.0 = Release|Any CPU
		{D1F986A3-465B-405E-AA4A-CE31F8989C5F}.Debug|Any CPU.ActiveCfg = Debug|Any CPU
		{D1F986A3-465B-405E-AA4A-CE31F8989C5F}.Debug|Any CPU.Build.0 = Debug|Any CPU
		{D1F986A3-465B-405E-AA4A-CE31F8989C5F}.Release|Any CPU.ActiveCfg = Release|Any CPU
		{D1F986A3-465B-405E-AA4A-CE31F8989C5F}.Release|Any CPU.Build.0 = Release|Any CPU
		{BA2EF844-BCB0-46ED-BEBF-BF3225BDDB82}.Debug|Any CPU.ActiveCfg = Debug|Any CPU
		{BA2EF844-BCB0-46ED-BEBF-BF3225BDDB82}.Debug|Any CPU.Build.0 = Debug|Any CPU
		{BA2EF844-BCB0-46ED-BEBF-BF3225BDDB82}.Release|Any CPU.ActiveCfg = Release|Any CPU
		{BA2EF844-BCB0-46ED-BEBF-BF3225BDDB82}.Release|Any CPU.Build.0 = Release|Any CPU
		{EBE7474C-924B-47DA-A1B6-839249F58FE9}.Debug|Any CPU.ActiveCfg = Debug|Any CPU
		{EBE7474C-924B-47DA-A1B6-839249F58FE9}.Debug|Any CPU.Build.0 = Debug|Any CPU
		{EBE7474C-924B-47DA-A1B6-839249F58FE9}.Release|Any CPU.ActiveCfg = Release|Any CPU
		{EBE7474C-924B-47DA-A1B6-839249F58FE9}.Release|Any CPU.Build.0 = Release|Any CPU
		{150A39A0-104D-4B1F-9052-9328676375BD}.Debug|Any CPU.ActiveCfg = Debug|Any CPU
		{150A39A0-104D-4B1F-9052-9328676375BD}.Debug|Any CPU.Build.0 = Debug|Any CPU
		{150A39A0-104D-4B1F-9052-9328676375BD}.Release|Any CPU.ActiveCfg = Release|Any CPU
		{150A39A0-104D-4B1F-9052-9328676375BD}.Release|Any CPU.Build.0 = Release|Any CPU
		{FAB4651B-8027-4B3E-80C0-AB7DF0625AC8}.Debug|Any CPU.ActiveCfg = Debug|Any CPU
		{FAB4651B-8027-4B3E-80C0-AB7DF0625AC8}.Debug|Any CPU.Build.0 = Debug|Any CPU
		{FAB4651B-8027-4B3E-80C0-AB7DF0625AC8}.Release|Any CPU.ActiveCfg = Release|Any CPU
		{FAB4651B-8027-4B3E-80C0-AB7DF0625AC8}.Release|Any CPU.Build.0 = Release|Any CPU
		{F13609AF-551C-4DF8-A808-EB6BFCD46B36}.Debug|Any CPU.ActiveCfg = Debug|Any CPU
		{F13609AF-551C-4DF8-A808-EB6BFCD46B36}.Debug|Any CPU.Build.0 = Debug|Any CPU
		{F13609AF-551C-4DF8-A808-EB6BFCD46B36}.Release|Any CPU.ActiveCfg = Release|Any CPU
		{F13609AF-551C-4DF8-A808-EB6BFCD46B36}.Release|Any CPU.Build.0 = Release|Any CPU
		{88926528-5E72-4275-AA78-8BC951EF563F}.Debug|Any CPU.ActiveCfg = Debug|Any CPU
		{88926528-5E72-4275-AA78-8BC951EF563F}.Debug|Any CPU.Build.0 = Debug|Any CPU
		{88926528-5E72-4275-AA78-8BC951EF563F}.Release|Any CPU.ActiveCfg = Release|Any CPU
		{88926528-5E72-4275-AA78-8BC951EF563F}.Release|Any CPU.Build.0 = Release|Any CPU
		{24B737C5-0D9B-4BB4-88B8-A8EF60D3196B}.Debug|Any CPU.ActiveCfg = Debug|Any CPU
		{24B737C5-0D9B-4BB4-88B8-A8EF60D3196B}.Debug|Any CPU.Build.0 = Debug|Any CPU
		{24B737C5-0D9B-4BB4-88B8-A8EF60D3196B}.Release|Any CPU.ActiveCfg = Release|Any CPU
		{24B737C5-0D9B-4BB4-88B8-A8EF60D3196B}.Release|Any CPU.Build.0 = Release|Any CPU
		{1BF36D42-11B8-436A-88B7-87FB60BB67DF}.Debug|Any CPU.ActiveCfg = Debug|Any CPU
		{1BF36D42-11B8-436A-88B7-87FB60BB67DF}.Debug|Any CPU.Build.0 = Debug|Any CPU
		{1BF36D42-11B8-436A-88B7-87FB60BB67DF}.Release|Any CPU.ActiveCfg = Release|Any CPU
		{1BF36D42-11B8-436A-88B7-87FB60BB67DF}.Release|Any CPU.Build.0 = Release|Any CPU
		{E3AA932D-2E10-486B-AB89-B1D50C0E664D}.Debug|Any CPU.ActiveCfg = Debug|Any CPU
		{E3AA932D-2E10-486B-AB89-B1D50C0E664D}.Debug|Any CPU.Build.0 = Debug|Any CPU
		{E3AA932D-2E10-486B-AB89-B1D50C0E664D}.Release|Any CPU.ActiveCfg = Release|Any CPU
		{E3AA932D-2E10-486B-AB89-B1D50C0E664D}.Release|Any CPU.Build.0 = Release|Any CPU
		{4480B034-F833-4400-B026-0D39FB41D4DA}.Debug|Any CPU.ActiveCfg = Debug|Any CPU
		{4480B034-F833-4400-B026-0D39FB41D4DA}.Debug|Any CPU.Build.0 = Debug|Any CPU
		{4480B034-F833-4400-B026-0D39FB41D4DA}.Release|Any CPU.ActiveCfg = Release|Any CPU
		{4480B034-F833-4400-B026-0D39FB41D4DA}.Release|Any CPU.Build.0 = Release|Any CPU
		{95C24BA4-EE5A-4D29-A7BF-5E041BE92AC0}.Debug|Any CPU.ActiveCfg = Debug|Any CPU
		{95C24BA4-EE5A-4D29-A7BF-5E041BE92AC0}.Debug|Any CPU.Build.0 = Debug|Any CPU
		{95C24BA4-EE5A-4D29-A7BF-5E041BE92AC0}.Release|Any CPU.ActiveCfg = Release|Any CPU
		{95C24BA4-EE5A-4D29-A7BF-5E041BE92AC0}.Release|Any CPU.Build.0 = Release|Any CPU
		{6657D370-4C7D-421B-BDA8-BD6779234356}.Debug|Any CPU.ActiveCfg = Debug|Any CPU
		{6657D370-4C7D-421B-BDA8-BD6779234356}.Debug|Any CPU.Build.0 = Debug|Any CPU
		{6657D370-4C7D-421B-BDA8-BD6779234356}.Release|Any CPU.ActiveCfg = Release|Any CPU
		{6657D370-4C7D-421B-BDA8-BD6779234356}.Release|Any CPU.Build.0 = Release|Any CPU
		{7CD3E591-0EB0-447A-B0F1-067044C1DBAC}.Debug|Any CPU.ActiveCfg = Debug|Any CPU
		{7CD3E591-0EB0-447A-B0F1-067044C1DBAC}.Debug|Any CPU.Build.0 = Debug|Any CPU
		{7CD3E591-0EB0-447A-B0F1-067044C1DBAC}.Release|Any CPU.ActiveCfg = Release|Any CPU
		{7CD3E591-0EB0-447A-B0F1-067044C1DBAC}.Release|Any CPU.Build.0 = Release|Any CPU
		{84720FC7-7479-45FB-9563-790B6F6973FD}.Debug|Any CPU.ActiveCfg = Debug|Any CPU
		{84720FC7-7479-45FB-9563-790B6F6973FD}.Debug|Any CPU.Build.0 = Debug|Any CPU
		{84720FC7-7479-45FB-9563-790B6F6973FD}.Release|Any CPU.ActiveCfg = Release|Any CPU
		{84720FC7-7479-45FB-9563-790B6F6973FD}.Release|Any CPU.Build.0 = Release|Any CPU
		{2D9EEB78-1F13-406E-B22E-9A2196EBA9D7}.Debug|Any CPU.ActiveCfg = Debug|Any CPU
		{2D9EEB78-1F13-406E-B22E-9A2196EBA9D7}.Debug|Any CPU.Build.0 = Debug|Any CPU
		{2D9EEB78-1F13-406E-B22E-9A2196EBA9D7}.Release|Any CPU.ActiveCfg = Release|Any CPU
		{2D9EEB78-1F13-406E-B22E-9A2196EBA9D7}.Release|Any CPU.Build.0 = Release|Any CPU
		{F70288AE-33A3-4B41-8F85-AA5A7051E8A8}.Debug|Any CPU.ActiveCfg = Debug|Any CPU
		{F70288AE-33A3-4B41-8F85-AA5A7051E8A8}.Debug|Any CPU.Build.0 = Debug|Any CPU
		{F70288AE-33A3-4B41-8F85-AA5A7051E8A8}.Release|Any CPU.ActiveCfg = Release|Any CPU
		{F70288AE-33A3-4B41-8F85-AA5A7051E8A8}.Release|Any CPU.Build.0 = Release|Any CPU
		{A003CDF4-906A-47A9-B1F7-7C825D3206A2}.Debug|Any CPU.ActiveCfg = Debug|Any CPU
		{A003CDF4-906A-47A9-B1F7-7C825D3206A2}.Debug|Any CPU.Build.0 = Debug|Any CPU
		{A003CDF4-906A-47A9-B1F7-7C825D3206A2}.Release|Any CPU.ActiveCfg = Release|Any CPU
		{A003CDF4-906A-47A9-B1F7-7C825D3206A2}.Release|Any CPU.Build.0 = Release|Any CPU
	EndGlobalSection
	GlobalSection(SolutionProperties) = preSolution
		HideSolutionNode = FALSE
	EndGlobalSection
	GlobalSection(NestedProjects) = preSolution
		{6657D370-4C7D-421B-BDA8-BD6779234356} = {DE4E415E-239B-47CB-AD02-41A8C68607B0}
		{7CD3E591-0EB0-447A-B0F1-067044C1DBAC} = {DE4E415E-239B-47CB-AD02-41A8C68607B0}
	EndGlobalSection
	GlobalSection(ExtensibilityGlobals) = postSolution
		SolutionGuid = {70F6D057-201E-43F7-8901-8836DDA94E98}
	EndGlobalSection
EndGlobal
