
Microsoft Visual Studio Solution File, Format Version 12.00
# Visual Studio Version 17
VisualStudioVersion = 17.6.33801.468
MinimumVisualStudioVersion = 10.0.40219.1
Project("{FAE04EC0-301F-11D3-BF4B-00C04F79EFBC}") = "Se130WPF", "Se130WPF\Se130WPF.csproj", "{4BDF157A-BFA7-4621-9951-CB1D88847164}"
EndProject
Project("{FAE04EC0-301F-11D3-BF4B-00C04F79EFBC}") = "checkBoxes", "checkBoxes\checkBoxes.csproj", "{D1F986A3-465B-405E-AA4A-CE31F8989C5F}"
EndProject
Project("{FAE04EC0-301F-11D3-BF4B-00C04F79EFBC}") = "PasswordBox", "PasswordBox\PasswordBox.csproj", "{BA2EF844-BCB0-46ED-BEBF-BF3225BDDB82}"
EndProject
Project("{FAE04EC0-301F-11D3-BF4B-00C04F79EFBC}") = "ImageControl", "ImageControl\ImageControl.csproj", "{EBE7474C-924B-47DA-A1B6-839249F58FE9}"
EndProject
Project("{FAE04EC0-301F-11D3-BF4B-00C04F79EFBC}") = "Slider", "Slider\Slider.csproj", "{150A39A0-104D-4B1F-9052-9328676375BD}"
EndProject
Project("{FAE04EC0-301F-11D3-BF4B-00C04F79EFBC}") = "Calendar", "Calendar\Calendar.csproj", "{FAB4651B-8027-4B3E-80C0-AB7DF0625AC8}"
EndProject
Project("{FAE04EC0-301F-11D3-BF4B-00C04F79EFBC}") = "DatePickerApp", "DatePicker\DatePickerApp.csproj", "{F13609AF-551C-4DF8-A808-EB6BFCD46B36}"
EndProject
Project("{FAE04EC0-301F-11D3-BF4B-00C04F79EFBC}") = "ExpanderApp", "ExpanderApp\ExpanderApp.csproj", "{88926528-5E72-4275-AA78-8BC951EF563F}"
EndProject
Global
	GlobalSection(SolutionConfigurationPlatforms) = preSolution
		Debug|Any CPU = Debug|Any CPU
		Release|Any CPU = Release|Any CPU
	EndGlobalSection
	GlobalSection(ProjectConfigurationPlatforms) = postSolution
		{4BDF157A-BFA7-4621-9951-CB1D88847164}.Debug|Any CPU.ActiveCfg = Debug|Any CPU
		{4BDF157A-BFA7-4621-9951-CB1D88847164}.Debug|Any CPU.Build.0 = Debug|Any CPU
		{4BDF157A-BFA7-4621-9951-CB1D88847164}.Release|Any CPU.ActiveCfg = Release|Any CPU
		{4BDF157A-BFA7-4621-9951-CB1D88847164}.Release|Any CPU.Build.0 = Release|Any CPU
		{D1F986A3-465B-405E-AA4A-CE31F8989C5F}.Debug|Any CPU.ActiveCfg = Debug|Any CPU
		{D1F986A3-465B-405E-AA4A-CE31F8989C5F}.Debug|Any CPU.Build.0 = Debug|Any CPU
		{D1F986A3-465B-405E-AA4A-CE31F8989C5F}.Release|Any CPU.ActiveCfg = Release|Any CPU
		{D1F986A3-465B-405E-AA4A-CE31F8989C5F}.Release|Any CPU.Build.0 = Release|Any CPU
		{BA2EF844-BCB0-46ED-BEBF-BF3225BDDB82}.Debug|Any CPU.ActiveCfg = Debug|Any CPU
		{BA2EF844-BCB0-46ED-BEBF-BF3225BDDB82}.Debug|Any CPU.Build.0 = Debug|Any CPU
		{BA2EF844-BCB0-46ED-BEBF-BF3225BDDB82}.Release|Any CPU.ActiveCfg = Release|Any CPU
		{BA2EF844-BCB0-46ED-BEBF-BF3225BDDB82}.Release|Any CPU.Build.0 = Release|Any CPU
		{EBE7474C-924B-47DA-A1B6-839249F58FE9}.Debug|Any CPU.ActiveCfg = Debug|Any CPU
		{EBE7474C-924B-47DA-A1B6-839249F58FE9}.Debug|Any CPU.Build.0 = Debug|Any CPU
		{EBE7474C-924B-47DA-A1B6-839249F58FE9}.Release|Any CPU.ActiveCfg = Release|Any CPU
		{EBE7474C-924B-47DA-A1B6-839249F58FE9}.Release|Any CPU.Build.0 = Release|Any CPU
		{150A39A0-104D-4B1F-9052-9328676375BD}.Debug|Any CPU.ActiveCfg = Debug|Any CPU
		{150A39A0-104D-4B1F-9052-9328676375BD}.Debug|Any CPU.Build.0 = Debug|Any CPU
		{150A39A0-104D-4B1F-9052-9328676375BD}.Release|Any CPU.ActiveCfg = Release|Any CPU
		{150A39A0-104D-4B1F-9052-9328676375BD}.Release|Any CPU.Build.0 = Release|Any CPU
		{FAB4651B-8027-4B3E-80C0-AB7DF0625AC8}.Debug|Any CPU.ActiveCfg = Debug|Any CPU
		{FAB4651B-8027-4B3E-80C0-AB7DF0625AC8}.Debug|Any CPU.Build.0 = Debug|Any CPU
		{FAB4651B-8027-4B3E-80C0-AB7DF0625AC8}.Release|Any CPU.ActiveCfg = Release|Any CPU
		{FAB4651B-8027-4B3E-80C0-AB7DF0625AC8}.Release|Any CPU.Build.0 = Release|Any CPU
		{F13609AF-551C-4DF8-A808-EB6BFCD46B36}.Debug|Any CPU.ActiveCfg = Debug|Any CPU
		{F13609AF-551C-4DF8-A808-EB6BFCD46B36}.Debug|Any CPU.Build.0 = Debug|Any CPU
		{F13609AF-551C-4DF8-A808-EB6BFCD46B36}.Release|Any CPU.ActiveCfg = Release|Any CPU
		{F13609AF-551C-4DF8-A808-EB6BFCD46B36}.Release|Any CPU.Build.0 = Release|Any CPU
		{88926528-5E72-4275-AA78-8BC951EF563F}.Debug|Any CPU.ActiveCfg = Debug|Any CPU
		{88926528-5E72-4275-AA78-8BC951EF563F}.Debug|Any CPU.Build.0 = Debug|Any CPU
		{88926528-5E72-4275-AA78-8BC951EF563F}.Release|Any CPU.ActiveCfg = Release|Any CPU
		{88926528-5E72-4275-AA78-8BC951EF563F}.Release|Any CPU.Build.0 = Release|Any CPU
	EndGlobalSection
	GlobalSection(SolutionProperties) = preSolution
		HideSolutionNode = FALSE
	EndGlobalSection
	GlobalSection(ExtensibilityGlobals) = postSolution
		SolutionGuid = {70F6D057-201E-43F7-8901-8836DDA94E98}
	EndGlobalSection
EndGlobal
